
Microsoft Visual Studio Solution File, Format Version 12.00
# Visual Studio Version 16
VisualStudioVersion = 16.0.32002.261
MinimumVisualStudioVersion = 10.0.40219.1
Project("{FAE04EC0-301F-11D3-BF4B-00C04F79EFBC}") = "13 Laba", "13 Laba\13 Laba.csproj", "{8FD8A305-B98B-41CB-BCCB-8BA1D953445A}"
EndProject
Project("{FAE04EC0-301F-11D3-BF4B-00C04F79EFBC}") = "Задача 13.1", "Задача 13.1\Задача 13.1.csproj", "{4B4CB2D8-2560-4211-AA4B-A836DB09E3C9}"
EndProject
Global
	GlobalSection(SolutionConfigurationPlatforms) = preSolution
		Debug|Any CPU = Debug|Any CPU
		Release|Any CPU = Release|Any CPU
	EndGlobalSection
	GlobalSection(ProjectConfigurationPlatforms) = postSolution
		{8FD8A305-B98B-41CB-BCCB-8BA1D953445A}.Debug|Any CPU.ActiveCfg = Debug|Any CPU
		{8FD8A305-B98B-41CB-BCCB-8BA1D953445A}.Debug|Any CPU.Build.0 = Debug|Any CPU
		{8FD8A305-B98B-41CB-BCCB-8BA1D953445A}.Release|Any CPU.ActiveCfg = Release|Any CPU
		{8FD8A305-B98B-41CB-BCCB-8BA1D953445A}.Release|Any CPU.Build.0 = Release|Any CPU
		{4B4CB2D8-2560-4211-AA4B-A836DB09E3C9}.Debug|Any CPU.ActiveCfg = Debug|Any CPU
		{4B4CB2D8-2560-4211-AA4B-A836DB09E3C9}.Debug|Any CPU.Build.0 = Debug|Any CPU
		{4B4CB2D8-2560-4211-AA4B-A836DB09E3C9}.Release|Any CPU.ActiveCfg = Release|Any CPU
		{4B4CB2D8-2560-4211-AA4B-A836DB09E3C9}.Release|Any CPU.Build.0 = Release|Any CPU
	EndGlobalSection
	GlobalSection(SolutionProperties) = preSolution
		HideSolutionNode = FALSE
	EndGlobalSection
	GlobalSection(ExtensibilityGlobals) = postSolution
		SolutionGuid = {97404E96-884D-42EB-AEAF-5E9426E0914F}
	EndGlobalSection
EndGlobal
